// !$*UTF8*$!
{
	archiveVersion = 1;
	classes = {
	};
	objectVersion = 56;
	objects = {

/* Begin PBXBuildFile section */
		C7387E782ACE176C004239DB /* AppDelegate.swift in Sources */ = {isa = PBXBuildFile; fileRef = C7387E772ACE176C004239DB /* AppDelegate.swift */; };
		C7387E7A2ACE176C004239DB /* SceneDelegate.swift in Sources */ = {isa = PBXBuildFile; fileRef = C7387E792ACE176C004239DB /* SceneDelegate.swift */; };
		C7387E7C2ACE176C004239DB /* FirstVC.swift in Sources */ = {isa = PBXBuildFile; fileRef = C7387E7B2ACE176C004239DB /* FirstVC.swift */; };
		C7387E7F2ACE176C004239DB /* Main.storyboard in Resources */ = {isa = PBXBuildFile; fileRef = C7387E7D2ACE176C004239DB /* Main.storyboard */; };
		C7387E812ACE176E004239DB /* Assets.xcassets in Resources */ = {isa = PBXBuildFile; fileRef = C7387E802ACE176E004239DB /* Assets.xcassets */; };
		C7387E842ACE176E004239DB /* LaunchScreen.storyboard in Resources */ = {isa = PBXBuildFile; fileRef = C7387E822ACE176E004239DB /* LaunchScreen.storyboard */; };
		C7387E8D2ACE1829004239DB /* Lottie in Frameworks */ = {isa = PBXBuildFile; productRef = C7387E8C2ACE1829004239DB /* Lottie */; };
		C7387E902ACE18FD004239DB /* NVActivityIndicatorView in Frameworks */ = {isa = PBXBuildFile; productRef = C7387E8F2ACE18FD004239DB /* NVActivityIndicatorView */; };
		C7387E922ACE18FD004239DB /* NVActivityIndicatorViewExtended in Frameworks */ = {isa = PBXBuildFile; productRef = C7387E912ACE18FD004239DB /* NVActivityIndicatorViewExtended */; };
		C7387E972ACE1AAA004239DB /* BaseVC.swift in Sources */ = {isa = PBXBuildFile; fileRef = C7387E962ACE1AAA004239DB /* BaseVC.swift */; };
/* End PBXBuildFile section */

/* Begin PBXFileReference section */
		C7387E742ACE176C004239DB /* SPMAnimationApp.app */ = {isa = PBXFileReference; explicitFileType = wrapper.application; includeInIndex = 0; path = SPMAnimationApp.app; sourceTree = BUILT_PRODUCTS_DIR; };
		C7387E772ACE176C004239DB /* AppDelegate.swift */ = {isa = PBXFileReference; lastKnownFileType = sourcecode.swift; path = AppDelegate.swift; sourceTree = "<group>"; };
		C7387E792ACE176C004239DB /* SceneDelegate.swift */ = {isa = PBXFileReference; lastKnownFileType = sourcecode.swift; path = SceneDelegate.swift; sourceTree = "<group>"; };
		C7387E7B2ACE176C004239DB /* FirstVC.swift */ = {isa = PBXFileReference; lastKnownFileType = sourcecode.swift; path = FirstVC.swift; sourceTree = "<group>"; };
		C7387E7E2ACE176C004239DB /* Base */ = {isa = PBXFileReference; lastKnownFileType = file.storyboard; name = Base; path = Base.lproj/Main.storyboard; sourceTree = "<group>"; };
		C7387E802ACE176E004239DB /* Assets.xcassets */ = {isa = PBXFileReference; lastKnownFileType = folder.assetcatalog; path = Assets.xcassets; sourceTree = "<group>"; };
		C7387E832ACE176E004239DB /* Base */ = {isa = PBXFileReference; lastKnownFileType = file.storyboard; name = Base; path = Base.lproj/LaunchScreen.storyboard; sourceTree = "<group>"; };
		C7387E852ACE176E004239DB /* Info.plist */ = {isa = PBXFileReference; lastKnownFileType = text.plist.xml; path = Info.plist; sourceTree = "<group>"; };
		C7387E962ACE1AAA004239DB /* BaseVC.swift */ = {isa = PBXFileReference; lastKnownFileType = sourcecode.swift; path = BaseVC.swift; sourceTree = "<group>"; };
/* End PBXFileReference section */

/* Begin PBXFrameworksBuildPhase section */
		C7387E712ACE176C004239DB /* Frameworks */ = {
			isa = PBXFrameworksBuildPhase;
			buildActionMask = 2147483647;
			files = (
				C7387E922ACE18FD004239DB /* NVActivityIndicatorViewExtended in Frameworks */,
				C7387E902ACE18FD004239DB /* NVActivityIndicatorView in Frameworks */,
				C7387E8D2ACE1829004239DB /* Lottie in Frameworks */,
			);
			runOnlyForDeploymentPostprocessing = 0;
		};
/* End PBXFrameworksBuildPhase section */

/* Begin PBXGroup section */
		C7387E6B2ACE176C004239DB = {
			isa = PBXGroup;
			children = (
				C7387E762ACE176C004239DB /* SPMAnimationApp */,
				C7387E752ACE176C004239DB /* Products */,
			);
			sourceTree = "<group>";
		};
		C7387E752ACE176C004239DB /* Products */ = {
			isa = PBXGroup;
			children = (
				C7387E742ACE176C004239DB /* SPMAnimationApp.app */,
			);
			name = Products;
			sourceTree = "<group>";
		};
		C7387E762ACE176C004239DB /* SPMAnimationApp */ = {
			isa = PBXGroup;
			children = (
				C7387E952ACE193D004239DB /* Controllers */,
				C7387E942ACE1931004239DB /* Views */,
				C7387E802ACE176E004239DB /* Assets.xcassets */,
				C7387E852ACE176E004239DB /* Info.plist */,
				C7387E932ACE190C004239DB /* App */,
			);
			path = SPMAnimationApp;
			sourceTree = "<group>";
		};
		C7387E932ACE190C004239DB /* App */ = {
			isa = PBXGroup;
			children = (
				C7387E772ACE176C004239DB /* AppDelegate.swift */,
				C7387E792ACE176C004239DB /* SceneDelegate.swift */,
			);
			path = App;
			sourceTree = "<group>";
		};
		C7387E942ACE1931004239DB /* Views */ = {
			isa = PBXGroup;
			children = (
				C7387E7D2ACE176C004239DB /* Main.storyboard */,
				C7387E822ACE176E004239DB /* LaunchScreen.storyboard */,
			);
			path = Views;
			sourceTree = "<group>";
		};
		C7387E952ACE193D004239DB /* Controllers */ = {
			isa = PBXGroup;
			children = (
				C7387E7B2ACE176C004239DB /* FirstVC.swift */,
				C7387E962ACE1AAA004239DB /* BaseVC.swift */,
			);
			path = Controllers;
			sourceTree = "<group>";
		};
/* End PBXGroup section */

/* Begin PBXNativeTarget section */
		C7387E732ACE176C004239DB /* SPMAnimationApp */ = {
			isa = PBXNativeTarget;
			buildConfigurationList = C7387E882ACE176E004239DB /* Build configuration list for PBXNativeTarget "SPMAnimationApp" */;
			buildPhases = (
				C7387E702ACE176C004239DB /* Sources */,
				C7387E712ACE176C004239DB /* Frameworks */,
				C7387E722ACE176C004239DB /* Resources */,
			);
			buildRules = (
			);
			dependencies = (
			);
			name = SPMAnimationApp;
			packageProductDependencies = (
				C7387E8C2ACE1829004239DB /* Lottie */,
				C7387E8F2ACE18FD004239DB /* NVActivityIndicatorView */,
				C7387E912ACE18FD004239DB /* NVActivityIndicatorViewExtended */,
			);
			productName = SPMAnimationApp;
			productReference = C7387E742ACE176C004239DB /* SPMAnimationApp.app */;
			productType = "com.apple.product-type.application";
		};
/* End PBXNativeTarget section */

/* Begin PBXProject section */
		C7387E6C2ACE176C004239DB /* Project object */ = {
			isa = PBXProject;
			attributes = {
				BuildIndependentTargetsInParallel = 1;
				LastSwiftUpdateCheck = 1420;
				LastUpgradeCheck = 1420;
				TargetAttributes = {
					C7387E732ACE176C004239DB = {
						CreatedOnToolsVersion = 14.2;
					};
				};
			};
			buildConfigurationList = C7387E6F2ACE176C004239DB /* Build configuration list for PBXProject "SPMAnimationApp" */;
			compatibilityVersion = "Xcode 14.0";
			developmentRegion = en;
			hasScannedForEncodings = 0;
			knownRegions = (
				en,
				Base,
			);
			mainGroup = C7387E6B2ACE176C004239DB;
			packageReferences = (
				C7387E8B2ACE1829004239DB /* XCRemoteSwiftPackageReference "lottie-spm" */,
				C7387E8E2ACE18FD004239DB /* XCRemoteSwiftPackageReference "NVActivityIndicatorView" */,
			);
			productRefGroup = C7387E752ACE176C004239DB /* Products */;
			projectDirPath = "";
			projectRoot = "";
			targets = (
				C7387E732ACE176C004239DB /* SPMAnimationApp */,
			);
		};
/* End PBXProject section */

/* Begin PBXResourcesBuildPhase section */
		C7387E722ACE176C004239DB /* Resources */ = {
			isa = PBXResourcesBuildPhase;
			buildActionMask = 2147483647;
			files = (
				C7387E842ACE176E004239DB /* LaunchScreen.storyboard in Resources */,
				C7387E812ACE176E004239DB /* Assets.xcassets in Resources */,
				C7387E7F2ACE176C004239DB /* Main.storyboard in Resources */,
			);
			runOnlyForDeploymentPostprocessing = 0;
		};
/* End PBXResourcesBuildPhase section */

/* Begin PBXSourcesBuildPhase section */
		C7387E702ACE176C004239DB /* Sources */ = {
			isa = PBXSourcesBuildPhase;
			buildActionMask = 2147483647;
			files = (
				C7387E7C2ACE176C004239DB /* FirstVC.swift in Sources */,
				C7387E782ACE176C004239DB /* AppDelegate.swift in Sources */,
				C7387E7A2ACE176C004239DB /* SceneDelegate.swift in Sources */,
				C7387E972ACE1AAA004239DB /* BaseVC.swift in Sources */,
			);
			runOnlyForDeploymentPostprocessing = 0;
		};
/* End PBXSourcesBuildPhase section */

/* Begin PBXVariantGroup section */
		C7387E7D2ACE176C004239DB /* Main.storyboard */ = {
			isa = PBXVariantGroup;
			children = (
				C7387E7E2ACE176C004239DB /* Base */,
			);
			name = Main.storyboard;
			sourceTree = "<group>";
		};
		C7387E822ACE176E004239DB /* LaunchScreen.storyboard */ = {
			isa = PBXVariantGroup;
			children = (
				C7387E832ACE176E004239DB /* Base */,
			);
			name = LaunchScreen.storyboard;
			sourceTree = "<group>";
		};
/* End PBXVariantGroup section */

/* Begin XCBuildConfiguration section */
		C7387E862ACE176E004239DB /* Debug */ = {
			isa = XCBuildConfiguration;
			buildSettings = {
				ALWAYS_SEARCH_USER_PATHS = NO;
				CLANG_ANALYZER_NONNULL = YES;
				CLANG_ANALYZER_NUMBER_OBJECT_CONVERSION = YES_AGGRESSIVE;
				CLANG_CXX_LANGUAGE_STANDARD = "gnu++20";
				CLANG_ENABLE_MODULES = YES;
				CLANG_ENABLE_OBJC_ARC = YES;
				CLANG_ENABLE_OBJC_WEAK = YES;
				CLANG_WARN_BLOCK_CAPTURE_AUTORELEASING = YES;
				CLANG_WARN_BOOL_CONVERSION = YES;
				CLANG_WARN_COMMA = YES;
				CLANG_WARN_CONSTANT_CONVERSION = YES;
				CLANG_WARN_DEPRECATED_OBJC_IMPLEMENTATIONS = YES;
				CLANG_WARN_DIRECT_OBJC_ISA_USAGE = YES_ERROR;
				CLANG_WARN_DOCUMENTATION_COMMENTS = YES;
				CLANG_WARN_EMPTY_BODY = YES;
				CLANG_WARN_ENUM_CONVERSION = YES;
				CLANG_WARN_INFINITE_RECURSION = YES;
				CLANG_WARN_INT_CONVERSION = YES;
				CLANG_WARN_NON_LITERAL_NULL_CONVERSION = YES;
				CLANG_WARN_OBJC_IMPLICIT_RETAIN_SELF = YES;
				CLANG_WARN_OBJC_LITERAL_CONVERSION = YES;
				CLANG_WARN_OBJC_ROOT_CLASS = YES_ERROR;
				CLANG_WARN_QUOTED_INCLUDE_IN_FRAMEWORK_HEADER = YES;
				CLANG_WARN_RANGE_LOOP_ANALYSIS = YES;
				CLANG_WARN_STRICT_PROTOTYPES = YES;
				CLANG_WARN_SUSPICIOUS_MOVE = YES;
				CLANG_WARN_UNGUARDED_AVAILABILITY = YES_AGGRESSIVE;
				CLANG_WARN_UNREACHABLE_CODE = YES;
				CLANG_WARN__DUPLICATE_METHOD_MATCH = YES;
				COPY_PHASE_STRIP = NO;
				DEBUG_INFORMATION_FORMAT = dwarf;
				ENABLE_STRICT_OBJC_MSGSEND = YES;
				ENABLE_TESTABILITY = YES;
				GCC_C_LANGUAGE_STANDARD = gnu11;
				GCC_DYNAMIC_NO_PIC = NO;
				GCC_NO_COMMON_BLOCKS = YES;
				GCC_OPTIMIZATION_LEVEL = 0;
				GCC_PREPROCESSOR_DEFINITIONS = (
					"DEBUG=1",
					"$(inherited)",
				);
				GCC_WARN_64_TO_32_BIT_CONVERSION = YES;
				GCC_WARN_ABOUT_RETURN_TYPE = YES_ERROR;
				GCC_WARN_UNDECLARED_SELECTOR = YES;
				GCC_WARN_UNINITIALIZED_AUTOS = YES_AGGRESSIVE;
				GCC_WARN_UNUSED_FUNCTION = YES;
				GCC_WARN_UNUSED_VARIABLE = YES;
				IPHONEOS_DEPLOYMENT_TARGET = 16.2;
				MTL_ENABLE_DEBUG_INFO = INCLUDE_SOURCE;
				MTL_FAST_MATH = YES;
				ONLY_ACTIVE_ARCH = YES;
				SDKROOT = iphoneos;
				SWIFT_ACTIVE_COMPILATION_CONDITIONS = DEBUG;
				SWIFT_OPTIMIZATION_LEVEL = "-Onone";
			};
			name = Debug;
		};
		C7387E872ACE176E004239DB /* Release */ = {
			isa = XCBuildConfiguration;
			buildSettings = {
				ALWAYS_SEARCH_USER_PATHS = NO;
				CLANG_ANALYZER_NONNULL = YES;
				CLANG_ANALYZER_NUMBER_OBJECT_CONVERSION = YES_AGGRESSIVE;
				CLANG_CXX_LANGUAGE_STANDARD = "gnu++20";
				CLANG_ENABLE_MODULES = YES;
				CLANG_ENABLE_OBJC_ARC = YES;
				CLANG_ENABLE_OBJC_WEAK = YES;
				CLANG_WARN_BLOCK_CAPTURE_AUTORELEASING = YES;
				CLANG_WARN_BOOL_CONVERSION = YES;
				CLANG_WARN_COMMA = YES;
				CLANG_WARN_CONSTANT_CONVERSION = YES;
				CLANG_WARN_DEPRECATED_OBJC_IMPLEMENTATIONS = YES;
				CLANG_WARN_DIRECT_OBJC_ISA_USAGE = YES_ERROR;
				CLANG_WARN_DOCUMENTATION_COMMENTS = YES;
				CLANG_WARN_EMPTY_BODY = YES;
				CLANG_WARN_ENUM_CONVERSION = YES;
				CLANG_WARN_INFINITE_RECURSION = YES;
				CLANG_WARN_INT_CONVERSION = YES;
				CLANG_WARN_NON_LITERAL_NULL_CONVERSION = YES;
				CLANG_WARN_OBJC_IMPLICIT_RETAIN_SELF = YES;
				CLANG_WARN_OBJC_LITERAL_CONVERSION = YES;
				CLANG_WARN_OBJC_ROOT_CLASS = YES_ERROR;
				CLANG_WARN_QUOTED_INCLUDE_IN_FRAMEWORK_HEADER = YES;
				CLANG_WARN_RANGE_LOOP_ANALYSIS = YES;
				CLANG_WARN_STRICT_PROTOTYPES = YES;
				CLANG_WARN_SUSPICIOUS_MOVE = YES;
				CLANG_WARN_UNGUARDED_AVAILABILITY = YES_AGGRESSIVE;
				CLANG_WARN_UNREACHABLE_CODE = YES;
				CLANG_WARN__DUPLICATE_METHOD_MATCH = YES;
				COPY_PHASE_STRIP = NO;
				DEBUG_INFORMATION_FORMAT = "dwarf-with-dsym";
				ENABLE_NS_ASSERTIONS = NO;
				ENABLE_STRICT_OBJC_MSGSEND = YES;
				GCC_C_LANGUAGE_STANDARD = gnu11;
				GCC_NO_COMMON_BLOCKS = YES;
				GCC_WARN_64_TO_32_BIT_CONVERSION = YES;
				GCC_WARN_ABOUT_RETURN_TYPE = YES_ERROR;
				GCC_WARN_UNDECLARED_SELECTOR = YES;
				GCC_WARN_UNINITIALIZED_AUTOS = YES_AGGRESSIVE;
				GCC_WARN_UNUSED_FUNCTION = YES;
				GCC_WARN_UNUSED_VARIABLE = YES;
				IPHONEOS_DEPLOYMENT_TARGET = 16.2;
				MTL_ENABLE_DEBUG_INFO = NO;
				MTL_FAST_MATH = YES;
				SDKROOT = iphoneos;
				SWIFT_COMPILATION_MODE = wholemodule;
				SWIFT_OPTIMIZATION_LEVEL = "-O";
				VALIDATE_PRODUCT = YES;
			};
			name = Release;
		};
		C7387E892ACE176E004239DB /* Debug */ = {
			isa = XCBuildConfiguration;
			buildSettings = {
				ASSETCATALOG_COMPILER_APPICON_NAME = AppIcon;
				ASSETCATALOG_COMPILER_GLOBAL_ACCENT_COLOR_NAME = AccentColor;
				CODE_SIGN_STYLE = Automatic;
				CURRENT_PROJECT_VERSION = 1;
				DEVELOPMENT_TEAM = 3M52ZV2NZ3;
				GENERATE_INFOPLIST_FILE = YES;
				INFOPLIST_FILE = SPMAnimationApp/Info.plist;
				INFOPLIST_KEY_UIApplicationSupportsIndirectInputEvents = YES;
				INFOPLIST_KEY_UILaunchStoryboardName = LaunchScreen;
				INFOPLIST_KEY_UIMainStoryboardFile = Main;
				INFOPLIST_KEY_UISupportedInterfaceOrientations_iPad = "UIInterfaceOrientationPortrait UIInterfaceOrientationPortraitUpsideDown UIInterfaceOrientationLandscapeLeft UIInterfaceOrientationLandscapeRight";
				INFOPLIST_KEY_UISupportedInterfaceOrientations_iPhone = "UIInterfaceOrientationPortrait UIInterfaceOrientationLandscapeLeft UIInterfaceOrientationLandscapeRight";
				LD_RUNPATH_SEARCH_PATHS = (
					"$(inherited)",
					"@executable_path/Frameworks",
				);
				MARKETING_VERSION = 1.0;
				PRODUCT_BUNDLE_IDENTIFIER = hhh.SPMAnimationApp;
				PRODUCT_NAME = "$(TARGET_NAME)";
				SWIFT_EMIT_LOC_STRINGS = YES;
				SWIFT_VERSION = 5.0;
				TARGETED_DEVICE_FAMILY = "1,2";
			};
			name = Debug;
		};
		C7387E8A2ACE176E004239DB /* Release */ = {
			isa = XCBuildConfiguration;
			buildSettings = {
				ASSETCATALOG_COMPILER_APPICON_NAME = AppIcon;
				ASSETCATALOG_COMPILER_GLOBAL_ACCENT_COLOR_NAME = AccentColor;
				CODE_SIGN_STYLE = Automatic;
				CURRENT_PROJECT_VERSION = 1;
				DEVELOPMENT_TEAM = 3M52ZV2NZ3;
				GENERATE_INFOPLIST_FILE = YES;
				INFOPLIST_FILE = SPMAnimationApp/Info.plist;
				INFOPLIST_KEY_UIApplicationSupportsIndirectInputEvents = YES;
				INFOPLIST_KEY_UILaunchStoryboardName = LaunchScreen;
				INFOPLIST_KEY_UIMainStoryboardFile = Main;
				INFOPLIST_KEY_UISupportedInterfaceOrientations_iPad = "UIInterfaceOrientationPortrait UIInterfaceOrientationPortraitUpsideDown UIInterfaceOrientationLandscapeLeft UIInterfaceOrientationLandscapeRight";
				INFOPLIST_KEY_UISupportedInterfaceOrientations_iPhone = "UIInterfaceOrientationPortrait UIInterfaceOrientationLandscapeLeft UIInterfaceOrientationLandscapeRight";
				LD_RUNPATH_SEARCH_PATHS = (
					"$(inherited)",
					"@executable_path/Frameworks",
				);
				MARKETING_VERSION = 1.0;
				PRODUCT_BUNDLE_IDENTIFIER = hhh.SPMAnimationApp;
				PRODUCT_NAME = "$(TARGET_NAME)";
				SWIFT_EMIT_LOC_STRINGS = YES;
				SWIFT_VERSION = 5.0;
				TARGETED_DEVICE_FAMILY = "1,2";
			};
			name = Release;
		};
/* End XCBuildConfiguration section */

/* Begin XCConfigurationList section */
		C7387E6F2ACE176C004239DB /* Build configuration list for PBXProject "SPMAnimationApp" */ = {
			isa = XCConfigurationList;
			buildConfigurations = (
				C7387E862ACE176E004239DB /* Debug */,
				C7387E872ACE176E004239DB /* Release */,
			);
			defaultConfigurationIsVisible = 0;
			defaultConfigurationName = Release;
		};
		C7387E882ACE176E004239DB /* Build configuration list for PBXNativeTarget "SPMAnimationApp" */ = {
			isa = XCConfigurationList;
			buildConfigurations = (
				C7387E892ACE176E004239DB /* Debug */,
				C7387E8A2ACE176E004239DB /* Release */,
			);
			defaultConfigurationIsVisible = 0;
			defaultConfigurationName = Release;
		};
/* End XCConfigurationList section */

/* Begin XCRemoteSwiftPackageReference section */
		C7387E8B2ACE1829004239DB /* XCRemoteSwiftPackageReference "lottie-spm" */ = {
			isa = XCRemoteSwiftPackageReference;
			repositoryURL = "https://github.com/airbnb/lottie-spm.git";
			requirement = {
				kind = upToNextMajorVersion;
				minimumVersion = 4.0.0;
			};
		};
		C7387E8E2ACE18FD004239DB /* XCRemoteSwiftPackageReference "NVActivityIndicatorView" */ = {
			isa = XCRemoteSwiftPackageReference;
			repositoryURL = "https://github.com/ninjaprox/NVActivityIndicatorView.git";
			requirement = {
				kind = upToNextMajorVersion;
				minimumVersion = 5.0.0;
			};
		};
/* End XCRemoteSwiftPackageReference section */

/* Begin XCSwiftPackageProductDependency section */
		C7387E8C2ACE1829004239DB /* Lottie */ = {
			isa = XCSwiftPackageProductDependency;
			package = C7387E8B2ACE1829004239DB /* XCRemoteSwiftPackageReference "lottie-spm" */;
			productName = Lottie;
		};
		C7387E8F2ACE18FD004239DB /* NVActivityIndicatorView */ = {
			isa = XCSwiftPackageProductDependency;
			package = C7387E8E2ACE18FD004239DB /* XCRemoteSwiftPackageReference "NVActivityIndicatorView" */;
			productName = NVActivityIndicatorView;
		};
		C7387E912ACE18FD004239DB /* NVActivityIndicatorViewExtended */ = {
			isa = XCSwiftPackageProductDependency;
			package = C7387E8E2ACE18FD004239DB /* XCRemoteSwiftPackageReference "NVActivityIndicatorView" */;
			productName = NVActivityIndicatorViewExtended;
		};
/* End XCSwiftPackageProductDependency section */
	};
	rootObject = C7387E6C2ACE176C004239DB /* Project object */;
}
